// !$*UTF8*$!
{
	archiveVersion = 1;
	classes = {
	};
	objectVersion = 55;
	objects = {

/* Begin PBXBuildFile section */
		FDB04F4E286C9BD9006EE102 /* AppDelegate.swift in Sources */ = {isa = PBXBuildFile; fileRef = FDB04F4D286C9BD9006EE102 /* AppDelegate.swift */; };
		FDB04F50286C9BD9006EE102 /* SceneDelegate.swift in Sources */ = {isa = PBXBuildFile; fileRef = FDB04F4F286C9BD9006EE102 /* SceneDelegate.swift */; };
		FDB04F57286C9BDA006EE102 /* Assets.xcassets in Resources */ = {isa = PBXBuildFile; fileRef = FDB04F56286C9BDA006EE102 /* Assets.xcassets */; };
		FDB04F5A286C9BDA006EE102 /* LaunchScreen.storyboard in Resources */ = {isa = PBXBuildFile; fileRef = FDB04F58286C9BDA006EE102 /* LaunchScreen.storyboard */; };
		FDB04F65286C9BDA006EE102 /* BaumTestAppTests.swift in Sources */ = {isa = PBXBuildFile; fileRef = FDB04F64286C9BDA006EE102 /* BaumTestAppTests.swift */; };
		FDB04F6F286C9BDA006EE102 /* BaumTestAppUITests.swift in Sources */ = {isa = PBXBuildFile; fileRef = FDB04F6E286C9BDA006EE102 /* BaumTestAppUITests.swift */; };
		FDB04F71286C9BDA006EE102 /* BaumTestAppUITestsLaunchTests.swift in Sources */ = {isa = PBXBuildFile; fileRef = FDB04F70286C9BDA006EE102 /* BaumTestAppUITestsLaunchTests.swift */; };
		FDEC172D288D104E00D7CF96 /* StartViewController.swift in Sources */ = {isa = PBXBuildFile; fileRef = FDEC172B288D104E00D7CF96 /* StartViewController.swift */; };
		FDEC172E288D104E00D7CF96 /* StartViewController.xib in Resources */ = {isa = PBXBuildFile; fileRef = FDEC172C288D104E00D7CF96 /* StartViewController.xib */; };
		FDEC1730288D122700D7CF96 /* StartView.swift in Sources */ = {isa = PBXBuildFile; fileRef = FDEC172F288D122700D7CF96 /* StartView.swift */; };
		FDEC1732288D123000D7CF96 /* StartView.xib in Resources */ = {isa = PBXBuildFile; fileRef = FDEC1731288D123000D7CF96 /* StartView.xib */; };
		FDEC1734288D126000D7CF96 /* NibView.swift in Sources */ = {isa = PBXBuildFile; fileRef = FDEC1733288D126000D7CF96 /* NibView.swift */; };
		FDEC1736288D126800D7CF96 /* NibView.xib in Resources */ = {isa = PBXBuildFile; fileRef = FDEC1735288D126800D7CF96 /* NibView.xib */; };
		FDEC173C288D15DD00D7CF96 /* MenuView.swift in Sources */ = {isa = PBXBuildFile; fileRef = FDEC173B288D15DD00D7CF96 /* MenuView.swift */; };
		FDEC173E288D15E900D7CF96 /* MenuView.xib in Resources */ = {isa = PBXBuildFile; fileRef = FDEC173D288D15E900D7CF96 /* MenuView.xib */; };
		FDEC1743288D163D00D7CF96 /* MenuViewController.swift in Sources */ = {isa = PBXBuildFile; fileRef = FDEC1741288D163D00D7CF96 /* MenuViewController.swift */; };
		FDEC1744288D163D00D7CF96 /* MenuViewController.xib in Resources */ = {isa = PBXBuildFile; fileRef = FDEC1742288D163D00D7CF96 /* MenuViewController.xib */; };
/* End PBXBuildFile section */

/* Begin PBXContainerItemProxy section */
		FDB04F61286C9BDA006EE102 /* PBXContainerItemProxy */ = {
			isa = PBXContainerItemProxy;
			containerPortal = FDB04F42286C9BD9006EE102 /* Project object */;
			proxyType = 1;
			remoteGlobalIDString = FDB04F49286C9BD9006EE102;
			remoteInfo = BaumTestApp;
		};
		FDB04F6B286C9BDA006EE102 /* PBXContainerItemProxy */ = {
			isa = PBXContainerItemProxy;
			containerPortal = FDB04F42286C9BD9006EE102 /* Project object */;
			proxyType = 1;
			remoteGlobalIDString = FDB04F49286C9BD9006EE102;
			remoteInfo = BaumTestApp;
		};
/* End PBXContainerItemProxy section */

/* Begin PBXFileReference section */
		FDB04F4A286C9BD9006EE102 /* BaumTestApp.app */ = {isa = PBXFileReference; explicitFileType = wrapper.application; includeInIndex = 0; path = BaumTestApp.app; sourceTree = BUILT_PRODUCTS_DIR; };
		FDB04F4D286C9BD9006EE102 /* AppDelegate.swift */ = {isa = PBXFileReference; lastKnownFileType = sourcecode.swift; path = AppDelegate.swift; sourceTree = "<group>"; };
		FDB04F4F286C9BD9006EE102 /* SceneDelegate.swift */ = {isa = PBXFileReference; lastKnownFileType = sourcecode.swift; path = SceneDelegate.swift; sourceTree = "<group>"; };
		FDB04F56286C9BDA006EE102 /* Assets.xcassets */ = {isa = PBXFileReference; lastKnownFileType = folder.assetcatalog; path = Assets.xcassets; sourceTree = "<group>"; };
		FDB04F59286C9BDA006EE102 /* Base */ = {isa = PBXFileReference; lastKnownFileType = file.storyboard; name = Base; path = Base.lproj/LaunchScreen.storyboard; sourceTree = "<group>"; };
		FDB04F5B286C9BDA006EE102 /* Info.plist */ = {isa = PBXFileReference; lastKnownFileType = text.plist.xml; path = Info.plist; sourceTree = "<group>"; };
		FDB04F60286C9BDA006EE102 /* BaumTestAppTests.xctest */ = {isa = PBXFileReference; explicitFileType = wrapper.cfbundle; includeInIndex = 0; path = BaumTestAppTests.xctest; sourceTree = BUILT_PRODUCTS_DIR; };
		FDB04F64286C9BDA006EE102 /* BaumTestAppTests.swift */ = {isa = PBXFileReference; lastKnownFileType = sourcecode.swift; path = BaumTestAppTests.swift; sourceTree = "<group>"; };
		FDB04F6A286C9BDA006EE102 /* BaumTestAppUITests.xctest */ = {isa = PBXFileReference; explicitFileType = wrapper.cfbundle; includeInIndex = 0; path = BaumTestAppUITests.xctest; sourceTree = BUILT_PRODUCTS_DIR; };
		FDB04F6E286C9BDA006EE102 /* BaumTestAppUITests.swift */ = {isa = PBXFileReference; lastKnownFileType = sourcecode.swift; path = BaumTestAppUITests.swift; sourceTree = "<group>"; };
		FDB04F70286C9BDA006EE102 /* BaumTestAppUITestsLaunchTests.swift */ = {isa = PBXFileReference; lastKnownFileType = sourcecode.swift; path = BaumTestAppUITestsLaunchTests.swift; sourceTree = "<group>"; };
		FDEC172B288D104E00D7CF96 /* StartViewController.swift */ = {isa = PBXFileReference; lastKnownFileType = sourcecode.swift; path = StartViewController.swift; sourceTree = "<group>"; };
		FDEC172C288D104E00D7CF96 /* StartViewController.xib */ = {isa = PBXFileReference; lastKnownFileType = file.xib; path = StartViewController.xib; sourceTree = "<group>"; };
		FDEC172F288D122700D7CF96 /* StartView.swift */ = {isa = PBXFileReference; lastKnownFileType = sourcecode.swift; path = StartView.swift; sourceTree = "<group>"; };
		FDEC1731288D123000D7CF96 /* StartView.xib */ = {isa = PBXFileReference; lastKnownFileType = file.xib; path = StartView.xib; sourceTree = "<group>"; };
		FDEC1733288D126000D7CF96 /* NibView.swift */ = {isa = PBXFileReference; lastKnownFileType = sourcecode.swift; path = NibView.swift; sourceTree = "<group>"; };
		FDEC1735288D126800D7CF96 /* NibView.xib */ = {isa = PBXFileReference; lastKnownFileType = file.xib; path = NibView.xib; sourceTree = "<group>"; };
		FDEC173B288D15DD00D7CF96 /* MenuView.swift */ = {isa = PBXFileReference; lastKnownFileType = sourcecode.swift; path = MenuView.swift; sourceTree = "<group>"; };
		FDEC173D288D15E900D7CF96 /* MenuView.xib */ = {isa = PBXFileReference; lastKnownFileType = file.xib; path = MenuView.xib; sourceTree = "<group>"; };
		FDEC1741288D163D00D7CF96 /* MenuViewController.swift */ = {isa = PBXFileReference; lastKnownFileType = sourcecode.swift; path = MenuViewController.swift; sourceTree = "<group>"; };
		FDEC1742288D163D00D7CF96 /* MenuViewController.xib */ = {isa = PBXFileReference; lastKnownFileType = file.xib; path = MenuViewController.xib; sourceTree = "<group>"; };
/* End PBXFileReference section */

/* Begin PBXFrameworksBuildPhase section */
		FDB04F47286C9BD9006EE102 /* Frameworks */ = {
			isa = PBXFrameworksBuildPhase;
			buildActionMask = 2147483647;
			files = (
			);
			runOnlyForDeploymentPostprocessing = 0;
		};
		FDB04F5D286C9BDA006EE102 /* Frameworks */ = {
			isa = PBXFrameworksBuildPhase;
			buildActionMask = 2147483647;
			files = (
			);
			runOnlyForDeploymentPostprocessing = 0;
		};
		FDB04F67286C9BDA006EE102 /* Frameworks */ = {
			isa = PBXFrameworksBuildPhase;
			buildActionMask = 2147483647;
			files = (
			);
			runOnlyForDeploymentPostprocessing = 0;
		};
/* End PBXFrameworksBuildPhase section */

/* Begin PBXGroup section */
		FD6B0AC8287319F5005131D3 /* View */ = {
			isa = PBXGroup;
			children = (
				FDEC1733288D126000D7CF96 /* NibView.swift */,
				FDEC1735288D126800D7CF96 /* NibView.xib */,
				FDEC172F288D122700D7CF96 /* StartView.swift */,
				FDEC1731288D123000D7CF96 /* StartView.xib */,
				FDEC173B288D15DD00D7CF96 /* MenuView.swift */,
				FDEC173D288D15E900D7CF96 /* MenuView.xib */,
			);
			path = View;
			sourceTree = "<group>";
		};
		FD6B0AC9287319FF005131D3 /* ViewModel */ = {
			isa = PBXGroup;
			children = (
			);
			path = ViewModel;
			sourceTree = "<group>";
		};
		FD6B0ACA28731A0C005131D3 /* ViewController */ = {
			isa = PBXGroup;
			children = (
				FDEC172B288D104E00D7CF96 /* StartViewController.swift */,
				FDEC172C288D104E00D7CF96 /* StartViewController.xib */,
				FDEC1741288D163D00D7CF96 /* MenuViewController.swift */,
				FDEC1742288D163D00D7CF96 /* MenuViewController.xib */,
			);
			path = ViewController;
			sourceTree = "<group>";
		};
		FD6B0ACB28731A1A005131D3 /* Translator */ = {
			isa = PBXGroup;
			children = (
			);
			path = Translator;
			sourceTree = "<group>";
		};
		FD6B0ACC28731E71005131D3 /* Model */ = {
			isa = PBXGroup;
			children = (
			);
			path = Model;
			sourceTree = "<group>";
		};
		FDB04F41286C9BD9006EE102 = {
			isa = PBXGroup;
			children = (
				FDB04F4C286C9BD9006EE102 /* BaumTestApp */,
				FDB04F63286C9BDA006EE102 /* BaumTestAppTests */,
				FDB04F6D286C9BDA006EE102 /* BaumTestAppUITests */,
				FDB04F4B286C9BD9006EE102 /* Products */,
			);
			sourceTree = "<group>";
		};
		FDB04F4B286C9BD9006EE102 /* Products */ = {
			isa = PBXGroup;
			children = (
				FDB04F4A286C9BD9006EE102 /* BaumTestApp.app */,
				FDB04F60286C9BDA006EE102 /* BaumTestAppTests.xctest */,
				FDB04F6A286C9BDA006EE102 /* BaumTestAppUITests.xctest */,
			);
			name = Products;
			sourceTree = "<group>";
		};
		FDB04F4C286C9BD9006EE102 /* BaumTestApp */ = {
			isa = PBXGroup;
			children = (
				FD6B0ACC28731E71005131D3 /* Model */,
				FD6B0AC9287319FF005131D3 /* ViewModel */,
				FD6B0AC8287319F5005131D3 /* View */,
				FD6B0ACB28731A1A005131D3 /* Translator */,
				FD6B0ACA28731A0C005131D3 /* ViewController */,
				FDB04F4D286C9BD9006EE102 /* AppDelegate.swift */,
				FDB04F4F286C9BD9006EE102 /* SceneDelegate.swift */,
				FDB04F56286C9BDA006EE102 /* Assets.xcassets */,
				FDB04F58286C9BDA006EE102 /* LaunchScreen.storyboard */,
				FDB04F5B286C9BDA006EE102 /* Info.plist */,
			);
			path = BaumTestApp;
			sourceTree = "<group>";
		};
		FDB04F63286C9BDA006EE102 /* BaumTestAppTests */ = {
			isa = PBXGroup;
			children = (
				FDB04F64286C9BDA006EE102 /* BaumTestAppTests.swift */,
			);
			path = BaumTestAppTests;
			sourceTree = "<group>";
		};
		FDB04F6D286C9BDA006EE102 /* BaumTestAppUITests */ = {
			isa = PBXGroup;
			children = (
				FDB04F6E286C9BDA006EE102 /* BaumTestAppUITests.swift */,
				FDB04F70286C9BDA006EE102 /* BaumTestAppUITestsLaunchTests.swift */,
			);
			path = BaumTestAppUITests;
			sourceTree = "<group>";
		};
/* End PBXGroup section */

/* Begin PBXNativeTarget section */
		FDB04F49286C9BD9006EE102 /* BaumTestApp */ = {
			isa = PBXNativeTarget;
			buildConfigurationList = FDB04F74286C9BDA006EE102 /* Build configuration list for PBXNativeTarget "BaumTestApp" */;
			buildPhases = (
				FDB04F46286C9BD9006EE102 /* Sources */,
				FDB04F47286C9BD9006EE102 /* Frameworks */,
				FDB04F48286C9BD9006EE102 /* Resources */,
			);
			buildRules = (
			);
			dependencies = (
			);
			name = BaumTestApp;
			productName = BaumTestApp;
			productReference = FDB04F4A286C9BD9006EE102 /* BaumTestApp.app */;
			productType = "com.apple.product-type.application";
		};
		FDB04F5F286C9BDA006EE102 /* BaumTestAppTests */ = {
			isa = PBXNativeTarget;
			buildConfigurationList = FDB04F77286C9BDA006EE102 /* Build configuration list for PBXNativeTarget "BaumTestAppTests" */;
			buildPhases = (
				FDB04F5C286C9BDA006EE102 /* Sources */,
				FDB04F5D286C9BDA006EE102 /* Frameworks */,
				FDB04F5E286C9BDA006EE102 /* Resources */,
			);
			buildRules = (
			);
			dependencies = (
				FDB04F62286C9BDA006EE102 /* PBXTargetDependency */,
			);
			name = BaumTestAppTests;
			productName = BaumTestAppTests;
			productReference = FDB04F60286C9BDA006EE102 /* BaumTestAppTests.xctest */;
			productType = "com.apple.product-type.bundle.unit-test";
		};
		FDB04F69286C9BDA006EE102 /* BaumTestAppUITests */ = {
			isa = PBXNativeTarget;
			buildConfigurationList = FDB04F7A286C9BDA006EE102 /* Build configuration list for PBXNativeTarget "BaumTestAppUITests" */;
			buildPhases = (
				FDB04F66286C9BDA006EE102 /* Sources */,
				FDB04F67286C9BDA006EE102 /* Frameworks */,
				FDB04F68286C9BDA006EE102 /* Resources */,
			);
			buildRules = (
			);
			dependencies = (
				FDB04F6C286C9BDA006EE102 /* PBXTargetDependency */,
			);
			name = BaumTestAppUITests;
			productName = BaumTestAppUITests;
			productReference = FDB04F6A286C9BDA006EE102 /* BaumTestAppUITests.xctest */;
			productType = "com.apple.product-type.bundle.ui-testing";
		};
/* End PBXNativeTarget section */

/* Begin PBXProject section */
		FDB04F42286C9BD9006EE102 /* Project object */ = {
			isa = PBXProject;
			attributes = {
				BuildIndependentTargetsInParallel = 1;
				LastSwiftUpdateCheck = 1330;
				LastUpgradeCheck = 1330;
				TargetAttributes = {
					FDB04F49286C9BD9006EE102 = {
						CreatedOnToolsVersion = 13.3.1;
					};
					FDB04F5F286C9BDA006EE102 = {
						CreatedOnToolsVersion = 13.3.1;
						TestTargetID = FDB04F49286C9BD9006EE102;
					};
					FDB04F69286C9BDA006EE102 = {
						CreatedOnToolsVersion = 13.3.1;
						TestTargetID = FDB04F49286C9BD9006EE102;
					};
				};
			};
			buildConfigurationList = FDB04F45286C9BD9006EE102 /* Build configuration list for PBXProject "BaumTestApp" */;
			compatibilityVersion = "Xcode 13.0";
			developmentRegion = en;
			hasScannedForEncodings = 0;
			knownRegions = (
				en,
				Base,
			);
			mainGroup = FDB04F41286C9BD9006EE102;
			productRefGroup = FDB04F4B286C9BD9006EE102 /* Products */;
			projectDirPath = "";
			projectRoot = "";
			targets = (
				FDB04F49286C9BD9006EE102 /* BaumTestApp */,
				FDB04F5F286C9BDA006EE102 /* BaumTestAppTests */,
				FDB04F69286C9BDA006EE102 /* BaumTestAppUITests */,
			);
		};
/* End PBXProject section */

/* Begin PBXResourcesBuildPhase section */
		FDB04F48286C9BD9006EE102 /* Resources */ = {
			isa = PBXResourcesBuildPhase;
			buildActionMask = 2147483647;
			files = (
				FDB04F5A286C9BDA006EE102 /* LaunchScreen.storyboard in Resources */,
				FDEC173E288D15E900D7CF96 /* MenuView.xib in Resources */,
				FDB04F57286C9BDA006EE102 /* Assets.xcassets in Resources */,
				FDEC172E288D104E00D7CF96 /* StartViewController.xib in Resources */,
				FDEC1736288D126800D7CF96 /* NibView.xib in Resources */,
				FDEC1744288D163D00D7CF96 /* MenuViewController.xib in Resources */,
				FDEC1732288D123000D7CF96 /* StartView.xib in Resources */,
			);
			runOnlyForDeploymentPostprocessing = 0;
		};
		FDB04F5E286C9BDA006EE102 /* Resources */ = {
			isa = PBXResourcesBuildPhase;
			buildActionMask = 2147483647;
			files = (
			);
			runOnlyForDeploymentPostprocessing = 0;
		};
		FDB04F68286C9BDA006EE102 /* Resources */ = {
			isa = PBXResourcesBuildPhase;
			buildActionMask = 2147483647;
			files = (
			);
			runOnlyForDeploymentPostprocessing = 0;
		};
/* End PBXResourcesBuildPhase section */

/* Begin PBXSourcesBuildPhase section */
		FDB04F46286C9BD9006EE102 /* Sources */ = {
			isa = PBXSourcesBuildPhase;
			buildActionMask = 2147483647;
			files = (
				FDB04F4E286C9BD9006EE102 /* AppDelegate.swift in Sources */,
				FDEC173C288D15DD00D7CF96 /* MenuView.swift in Sources */,
				FDB04F50286C9BD9006EE102 /* SceneDelegate.swift in Sources */,
				FDEC1743288D163D00D7CF96 /* MenuViewController.swift in Sources */,
				FDEC172D288D104E00D7CF96 /* StartViewController.swift in Sources */,
				FDEC1730288D122700D7CF96 /* StartView.swift in Sources */,
				FDEC1734288D126000D7CF96 /* NibView.swift in Sources */,
			);
			runOnlyForDeploymentPostprocessing = 0;
		};
		FDB04F5C286C9BDA006EE102 /* Sources */ = {
			isa = PBXSourcesBuildPhase;
			buildActionMask = 2147483647;
			files = (
				FDB04F65286C9BDA006EE102 /* BaumTestAppTests.swift in Sources */,
			);
			runOnlyForDeploymentPostprocessing = 0;
		};
		FDB04F66286C9BDA006EE102 /* Sources */ = {
			isa = PBXSourcesBuildPhase;
			buildActionMask = 2147483647;
			files = (
				FDB04F6F286C9BDA006EE102 /* BaumTestAppUITests.swift in Sources */,
				FDB04F71286C9BDA006EE102 /* BaumTestAppUITestsLaunchTests.swift in Sources */,
			);
			runOnlyForDeploymentPostprocessing = 0;
		};
/* End PBXSourcesBuildPhase section */

/* Begin PBXTargetDependency section */
		FDB04F62286C9BDA006EE102 /* PBXTargetDependency */ = {
			isa = PBXTargetDependency;
			target = FDB04F49286C9BD9006EE102 /* BaumTestApp */;
			targetProxy = FDB04F61286C9BDA006EE102 /* PBXContainerItemProxy */;
		};
		FDB04F6C286C9BDA006EE102 /* PBXTargetDependency */ = {
			isa = PBXTargetDependency;
			target = FDB04F49286C9BD9006EE102 /* BaumTestApp */;
			targetProxy = FDB04F6B286C9BDA006EE102 /* PBXContainerItemProxy */;
		};
/* End PBXTargetDependency section */

/* Begin PBXVariantGroup section */
		FDB04F58286C9BDA006EE102 /* LaunchScreen.storyboard */ = {
			isa = PBXVariantGroup;
			children = (
				FDB04F59286C9BDA006EE102 /* Base */,
			);
			name = LaunchScreen.storyboard;
			sourceTree = "<group>";
		};
/* End PBXVariantGroup section */

/* Begin XCBuildConfiguration section */
		FDB04F72286C9BDA006EE102 /* Debug */ = {
			isa = XCBuildConfiguration;
			buildSettings = {
				ALWAYS_SEARCH_USER_PATHS = NO;
				CLANG_ANALYZER_NONNULL = YES;
				CLANG_ANALYZER_NUMBER_OBJECT_CONVERSION = YES_AGGRESSIVE;
				CLANG_CXX_LANGUAGE_STANDARD = "gnu++17";
				CLANG_ENABLE_MODULES = YES;
				CLANG_ENABLE_OBJC_ARC = YES;
				CLANG_ENABLE_OBJC_WEAK = YES;
				CLANG_WARN_BLOCK_CAPTURE_AUTORELEASING = YES;
				CLANG_WARN_BOOL_CONVERSION = YES;
				CLANG_WARN_COMMA = YES;
				CLANG_WARN_CONSTANT_CONVERSION = YES;
				CLANG_WARN_DEPRECATED_OBJC_IMPLEMENTATIONS = YES;
				CLANG_WARN_DIRECT_OBJC_ISA_USAGE = YES_ERROR;
				CLANG_WARN_DOCUMENTATION_COMMENTS = YES;
				CLANG_WARN_EMPTY_BODY = YES;
				CLANG_WARN_ENUM_CONVERSION = YES;
				CLANG_WARN_INFINITE_RECURSION = YES;
				CLANG_WARN_INT_CONVERSION = YES;
				CLANG_WARN_NON_LITERAL_NULL_CONVERSION = YES;
				CLANG_WARN_OBJC_IMPLICIT_RETAIN_SELF = YES;
				CLANG_WARN_OBJC_LITERAL_CONVERSION = YES;
				CLANG_WARN_OBJC_ROOT_CLASS = YES_ERROR;
				CLANG_WARN_QUOTED_INCLUDE_IN_FRAMEWORK_HEADER = YES;
				CLANG_WARN_RANGE_LOOP_ANALYSIS = YES;
				CLANG_WARN_STRICT_PROTOTYPES = YES;
				CLANG_WARN_SUSPICIOUS_MOVE = YES;
				CLANG_WARN_UNGUARDED_AVAILABILITY = YES_AGGRESSIVE;
				CLANG_WARN_UNREACHABLE_CODE = YES;
				CLANG_WARN__DUPLICATE_METHOD_MATCH = YES;
				COPY_PHASE_STRIP = NO;
				DEBUG_INFORMATION_FORMAT = dwarf;
				ENABLE_STRICT_OBJC_MSGSEND = YES;
				ENABLE_TESTABILITY = YES;
				GCC_C_LANGUAGE_STANDARD = gnu11;
				GCC_DYNAMIC_NO_PIC = NO;
				GCC_NO_COMMON_BLOCKS = YES;
				GCC_OPTIMIZATION_LEVEL = 0;
				GCC_PREPROCESSOR_DEFINITIONS = (
					"DEBUG=1",
					"$(inherited)",
				);
				GCC_WARN_64_TO_32_BIT_CONVERSION = YES;
				GCC_WARN_ABOUT_RETURN_TYPE = YES_ERROR;
				GCC_WARN_UNDECLARED_SELECTOR = YES;
				GCC_WARN_UNINITIALIZED_AUTOS = YES_AGGRESSIVE;
				GCC_WARN_UNUSED_FUNCTION = YES;
				GCC_WARN_UNUSED_VARIABLE = YES;
				IPHONEOS_DEPLOYMENT_TARGET = 15.4;
				MTL_ENABLE_DEBUG_INFO = INCLUDE_SOURCE;
				MTL_FAST_MATH = YES;
				ONLY_ACTIVE_ARCH = YES;
				SDKROOT = iphoneos;
				SWIFT_ACTIVE_COMPILATION_CONDITIONS = DEBUG;
				SWIFT_OPTIMIZATION_LEVEL = "-Onone";
			};
			name = Debug;
		};
		FDB04F73286C9BDA006EE102 /* Release */ = {
			isa = XCBuildConfiguration;
			buildSettings = {
				ALWAYS_SEARCH_USER_PATHS = NO;
				CLANG_ANALYZER_NONNULL = YES;
				CLANG_ANALYZER_NUMBER_OBJECT_CONVERSION = YES_AGGRESSIVE;
				CLANG_CXX_LANGUAGE_STANDARD = "gnu++17";
				CLANG_ENABLE_MODULES = YES;
				CLANG_ENABLE_OBJC_ARC = YES;
				CLANG_ENABLE_OBJC_WEAK = YES;
				CLANG_WARN_BLOCK_CAPTURE_AUTORELEASING = YES;
				CLANG_WARN_BOOL_CONVERSION = YES;
				CLANG_WARN_COMMA = YES;
				CLANG_WARN_CONSTANT_CONVERSION = YES;
				CLANG_WARN_DEPRECATED_OBJC_IMPLEMENTATIONS = YES;
				CLANG_WARN_DIRECT_OBJC_ISA_USAGE = YES_ERROR;
				CLANG_WARN_DOCUMENTATION_COMMENTS = YES;
				CLANG_WARN_EMPTY_BODY = YES;
				CLANG_WARN_ENUM_CONVERSION = YES;
				CLANG_WARN_INFINITE_RECURSION = YES;
				CLANG_WARN_INT_CONVERSION = YES;
				CLANG_WARN_NON_LITERAL_NULL_CONVERSION = YES;
				CLANG_WARN_OBJC_IMPLICIT_RETAIN_SELF = YES;
				CLANG_WARN_OBJC_LITERAL_CONVERSION = YES;
				CLANG_WARN_OBJC_ROOT_CLASS = YES_ERROR;
				CLANG_WARN_QUOTED_INCLUDE_IN_FRAMEWORK_HEADER = YES;
				CLANG_WARN_RANGE_LOOP_ANALYSIS = YES;
				CLANG_WARN_STRICT_PROTOTYPES = YES;
				CLANG_WARN_SUSPICIOUS_MOVE = YES;
				CLANG_WARN_UNGUARDED_AVAILABILITY = YES_AGGRESSIVE;
				CLANG_WARN_UNREACHABLE_CODE = YES;
				CLANG_WARN__DUPLICATE_METHOD_MATCH = YES;
				COPY_PHASE_STRIP = NO;
				DEBUG_INFORMATION_FORMAT = "dwarf-with-dsym";
				ENABLE_NS_ASSERTIONS = NO;
				ENABLE_STRICT_OBJC_MSGSEND = YES;
				GCC_C_LANGUAGE_STANDARD = gnu11;
				GCC_NO_COMMON_BLOCKS = YES;
				GCC_WARN_64_TO_32_BIT_CONVERSION = YES;
				GCC_WARN_ABOUT_RETURN_TYPE = YES_ERROR;
				GCC_WARN_UNDECLARED_SELECTOR = YES;
				GCC_WARN_UNINITIALIZED_AUTOS = YES_AGGRESSIVE;
				GCC_WARN_UNUSED_FUNCTION = YES;
				GCC_WARN_UNUSED_VARIABLE = YES;
				IPHONEOS_DEPLOYMENT_TARGET = 15.4;
				MTL_ENABLE_DEBUG_INFO = NO;
				MTL_FAST_MATH = YES;
				SDKROOT = iphoneos;
				SWIFT_COMPILATION_MODE = wholemodule;
				SWIFT_OPTIMIZATION_LEVEL = "-O";
				VALIDATE_PRODUCT = YES;
			};
			name = Release;
		};
		FDB04F75286C9BDA006EE102 /* Debug */ = {
			isa = XCBuildConfiguration;
			buildSettings = {
				ASSETCATALOG_COMPILER_APPICON_NAME = AppIcon;
				ASSETCATALOG_COMPILER_GLOBAL_ACCENT_COLOR_NAME = AccentColor;
				CODE_SIGN_STYLE = Automatic;
				CURRENT_PROJECT_VERSION = 1;
				DEVELOPMENT_TEAM = B9WD868NNN;
				GENERATE_INFOPLIST_FILE = YES;
				INFOPLIST_FILE = BaumTestApp/Info.plist;
				INFOPLIST_KEY_UIApplicationSupportsIndirectInputEvents = YES;
				INFOPLIST_KEY_UILaunchStoryboardName = LaunchScreen;
				INFOPLIST_KEY_UISupportedInterfaceOrientations_iPad = "UIInterfaceOrientationPortrait UIInterfaceOrientationPortraitUpsideDown UIInterfaceOrientationLandscapeLeft UIInterfaceOrientationLandscapeRight";
				INFOPLIST_KEY_UISupportedInterfaceOrientations_iPhone = "UIInterfaceOrientationPortrait UIInterfaceOrientationLandscapeLeft UIInterfaceOrientationLandscapeRight";
				LD_RUNPATH_SEARCH_PATHS = (
					"$(inherited)",
					"@executable_path/Frameworks",
				);
				MARKETING_VERSION = 1.0;
				PRODUCT_BUNDLE_IDENTIFIER = emiri.BaumTestApp;
				PRODUCT_NAME = "$(TARGET_NAME)";
				SWIFT_EMIT_LOC_STRINGS = YES;
				SWIFT_VERSION = 5.0;
				TARGETED_DEVICE_FAMILY = "1,2";
			};
			name = Debug;
		};
		FDB04F76286C9BDA006EE102 /* Release */ = {
			isa = XCBuildConfiguration;
			buildSettings = {
				ASSETCATALOG_COMPILER_APPICON_NAME = AppIcon;
				ASSETCATALOG_COMPILER_GLOBAL_ACCENT_COLOR_NAME = AccentColor;
				CODE_SIGN_STYLE = Automatic;
				CURRENT_PROJECT_VERSION = 1;
				DEVELOPMENT_TEAM = B9WD868NNN;
				GENERATE_INFOPLIST_FILE = YES;
				INFOPLIST_FILE = BaumTestApp/Info.plist;
				INFOPLIST_KEY_UIApplicationSupportsIndirectInputEvents = YES;
				INFOPLIST_KEY_UILaunchStoryboardName = LaunchScreen;
				INFOPLIST_KEY_UISupportedInterfaceOrientations_iPad = "UIInterfaceOrientationPortrait UIInterfaceOrientationPortraitUpsideDown UIInterfaceOrientationLandscapeLeft UIInterfaceOrientationLandscapeRight";
				INFOPLIST_KEY_UISupportedInterfaceOrientations_iPhone = "UIInterfaceOrientationPortrait UIInterfaceOrientationLandscapeLeft UIInterfaceOrientationLandscapeRight";
				LD_RUNPATH_SEARCH_PATHS = (
					"$(inherited)",
					"@executable_path/Frameworks",
				);
				MARKETING_VERSION = 1.0;
				PRODUCT_BUNDLE_IDENTIFIER = emiri.BaumTestApp;
				PRODUCT_NAME = "$(TARGET_NAME)";
				SWIFT_EMIT_LOC_STRINGS = YES;
				SWIFT_VERSION = 5.0;
				TARGETED_DEVICE_FAMILY = "1,2";
			};
			name = Release;
		};
		FDB04F78286C9BDA006EE102 /* Debug */ = {
			isa = XCBuildConfiguration;
			buildSettings = {
				ALWAYS_EMBED_SWIFT_STANDARD_LIBRARIES = YES;
				BUNDLE_LOADER = "$(TEST_HOST)";
				CODE_SIGN_STYLE = Automatic;
				CURRENT_PROJECT_VERSION = 1;
				DEVELOPMENT_TEAM = B9WD868NNN;
				GENERATE_INFOPLIST_FILE = YES;
				IPHONEOS_DEPLOYMENT_TARGET = 15.4;
				MARKETING_VERSION = 1.0;
				PRODUCT_BUNDLE_IDENTIFIER = emiri.BaumTestAppTests;
				PRODUCT_NAME = "$(TARGET_NAME)";
				SWIFT_EMIT_LOC_STRINGS = NO;
				SWIFT_VERSION = 5.0;
				TARGETED_DEVICE_FAMILY = "1,2";
				TEST_HOST = "$(BUILT_PRODUCTS_DIR)/BaumTestApp.app/BaumTestApp";
			};
			name = Debug;
		};
		FDB04F79286C9BDA006EE102 /* Release */ = {
			isa = XCBuildConfiguration;
			buildSettings = {
				ALWAYS_EMBED_SWIFT_STANDARD_LIBRARIES = YES;
				BUNDLE_LOADER = "$(TEST_HOST)";
				CODE_SIGN_STYLE = Automatic;
				CURRENT_PROJECT_VERSION = 1;
				DEVELOPMENT_TEAM = B9WD868NNN;
				GENERATE_INFOPLIST_FILE = YES;
				IPHONEOS_DEPLOYMENT_TARGET = 15.4;
				MARKETING_VERSION = 1.0;
				PRODUCT_BUNDLE_IDENTIFIER = emiri.BaumTestAppTests;
				PRODUCT_NAME = "$(TARGET_NAME)";
				SWIFT_EMIT_LOC_STRINGS = NO;
				SWIFT_VERSION = 5.0;
				TARGETED_DEVICE_FAMILY = "1,2";
				TEST_HOST = "$(BUILT_PRODUCTS_DIR)/BaumTestApp.app/BaumTestApp";
			};
			name = Release;
		};
		FDB04F7B286C9BDA006EE102 /* Debug */ = {
			isa = XCBuildConfiguration;
			buildSettings = {
				ALWAYS_EMBED_SWIFT_STANDARD_LIBRARIES = YES;
				CODE_SIGN_STYLE = Automatic;
				CURRENT_PROJECT_VERSION = 1;
				DEVELOPMENT_TEAM = B9WD868NNN;
				GENERATE_INFOPLIST_FILE = YES;
				MARKETING_VERSION = 1.0;
				PRODUCT_BUNDLE_IDENTIFIER = emiri.BaumTestAppUITests;
				PRODUCT_NAME = "$(TARGET_NAME)";
				SWIFT_EMIT_LOC_STRINGS = NO;
				SWIFT_VERSION = 5.0;
				TARGETED_DEVICE_FAMILY = "1,2";
				TEST_TARGET_NAME = BaumTestApp;
			};
			name = Debug;
		};
		FDB04F7C286C9BDA006EE102 /* Release */ = {
			isa = XCBuildConfiguration;
			buildSettings = {
				ALWAYS_EMBED_SWIFT_STANDARD_LIBRARIES = YES;
				CODE_SIGN_STYLE = Automatic;
				CURRENT_PROJECT_VERSION = 1;
				DEVELOPMENT_TEAM = B9WD868NNN;
				GENERATE_INFOPLIST_FILE = YES;
				MARKETING_VERSION = 1.0;
				PRODUCT_BUNDLE_IDENTIFIER = emiri.BaumTestAppUITests;
				PRODUCT_NAME = "$(TARGET_NAME)";
				SWIFT_EMIT_LOC_STRINGS = NO;
				SWIFT_VERSION = 5.0;
				TARGETED_DEVICE_FAMILY = "1,2";
				TEST_TARGET_NAME = BaumTestApp;
			};
			name = Release;
		};
/* End XCBuildConfiguration section */

/* Begin XCConfigurationList section */
		FDB04F45286C9BD9006EE102 /* Build configuration list for PBXProject "BaumTestApp" */ = {
			isa = XCConfigurationList;
			buildConfigurations = (
				FDB04F72286C9BDA006EE102 /* Debug */,
				FDB04F73286C9BDA006EE102 /* Release */,
			);
			defaultConfigurationIsVisible = 0;
			defaultConfigurationName = Release;
		};
		FDB04F74286C9BDA006EE102 /* Build configuration list for PBXNativeTarget "BaumTestApp" */ = {
			isa = XCConfigurationList;
			buildConfigurations = (
				FDB04F75286C9BDA006EE102 /* Debug */,
				FDB04F76286C9BDA006EE102 /* Release */,
			);
			defaultConfigurationIsVisible = 0;
			defaultConfigurationName = Release;
		};
		FDB04F77286C9BDA006EE102 /* Build configuration list for PBXNativeTarget "BaumTestAppTests" */ = {
			isa = XCConfigurationList;
			buildConfigurations = (
				FDB04F78286C9BDA006EE102 /* Debug */,
				FDB04F79286C9BDA006EE102 /* Release */,
			);
			defaultConfigurationIsVisible = 0;
			defaultConfigurationName = Release;
		};
		FDB04F7A286C9BDA006EE102 /* Build configuration list for PBXNativeTarget "BaumTestAppUITests" */ = {
			isa = XCConfigurationList;
			buildConfigurations = (
				FDB04F7B286C9BDA006EE102 /* Debug */,
				FDB04F7C286C9BDA006EE102 /* Release */,
			);
			defaultConfigurationIsVisible = 0;
			defaultConfigurationName = Release;
		};
/* End XCConfigurationList section */
	};
	rootObject = FDB04F42286C9BD9006EE102 /* Project object */;
}
